
Microsoft Visual Studio Solution File, Format Version 12.00
# Visual Studio Version 17
VisualStudioVersion = 17.5.33627.172
MinimumVisualStudioVersion = 10.0.40219.1
Project("{FAE04EC0-301F-11D3-BF4B-00C04F79EFBC}") = "Demo.PL", "Demo.PL\Demo.PL.csproj", "{4D346F70-319E-46A4-9572-12666EA011FC}"
EndProject
Project("{FAE04EC0-301F-11D3-BF4B-00C04F79EFBC}") = "Demo.DAL", "Demo.DAL\Demo.DAL.csproj", "{65DC0BD4-ABD6-489A-B675-E728ADDC43AB}"
EndProject
Project("{FAE04EC0-301F-11D3-BF4B-00C04F79EFBC}") = "Demo.BLL", "Demo.BLL\Demo.BLL.csproj", "{276FEDC6-0776-44FB-AA14-5998965D2A54}"
EndProject
Global
	GlobalSection(SolutionConfigurationPlatforms) = preSolution
		Debug|Any CPU = Debug|Any CPU
		Release|Any CPU = Release|Any CPU
	EndGlobalSection
	GlobalSection(ProjectConfigurationPlatforms) = postSolution
		{4D346F70-319E-46A4-9572-12666EA011FC}.Debug|Any CPU.ActiveCfg = Debug|Any CPU
		{4D346F70-319E-46A4-9572-12666EA011FC}.Debug|Any CPU.Build.0 = Debug|Any CPU
		{4D346F70-319E-46A4-9572-12666EA011FC}.Release|Any CPU.ActiveCfg = Release|Any CPU
		{4D346F70-319E-46A4-9572-12666EA011FC}.Release|Any CPU.Build.0 = Release|Any CPU
		{65DC0BD4-ABD6-489A-B675-E728ADDC43AB}.Debug|Any CPU.ActiveCfg = Debug|Any CPU
		{65DC0BD4-ABD6-489A-B675-E728ADDC43AB}.Debug|Any CPU.Build.0 = Debug|Any CPU
		{65DC0BD4-ABD6-489A-B675-E728ADDC43AB}.Release|Any CPU.ActiveCfg = Release|Any CPU
		{65DC0BD4-ABD6-489A-B675-E728ADDC43AB}.Release|Any CPU.Build.0 = Release|Any CPU
		{276FEDC6-0776-44FB-AA14-5998965D2A54}.Debug|Any CPU.ActiveCfg = Debug|Any CPU
		{276FEDC6-0776-44FB-AA14-5998965D2A54}.Debug|Any CPU.Build.0 = Debug|Any CPU
		{276FEDC6-0776-44FB-AA14-5998965D2A54}.Release|Any CPU.ActiveCfg = Release|Any CPU
		{276FEDC6-0776-44FB-AA14-5998965D2A54}.Release|Any CPU.Build.0 = Release|Any CPU
	EndGlobalSection
	GlobalSection(SolutionProperties) = preSolution
		HideSolutionNode = FALSE
	EndGlobalSection
	GlobalSection(ExtensibilityGlobals) = postSolution
		SolutionGuid = {BF583EE9-E3EF-4097-8D50-493A79BD3FF3}
	EndGlobalSection
EndGlobal
